
Microsoft Visual Studio Solution File, Format Version 12.00
# Visual Studio Version 16
VisualStudioVersion = 16.0.28922.388
MinimumVisualStudioVersion = 10.0.40219.1
Project("{FAE04EC0-301F-11D3-BF4B-00C04F79EFBC}") = "GitVerifiedCommitTrying", "GitVerifiedCommitTrying.csproj", "{A2CD235A-B2DF-49A6-AA8C-AB499405132B}"
EndProject
Global
	GlobalSection(SolutionConfigurationPlatforms) = preSolution
		Debug|Any CPU = Debug|Any CPU
		Release|Any CPU = Release|Any CPU
	EndGlobalSection
	GlobalSection(ProjectConfigurationPlatforms) = postSolution
		{A2CD235A-B2DF-49A6-AA8C-AB499405132B}.Debug|Any CPU.ActiveCfg = Debug|Any CPU
		{A2CD235A-B2DF-49A6-AA8C-AB499405132B}.Debug|Any CPU.Build.0 = Debug|Any CPU
		{A2CD235A-B2DF-49A6-AA8C-AB499405132B}.Release|Any CPU.ActiveCfg = Release|Any CPU
		{A2CD235A-B2DF-49A6-AA8C-AB499405132B}.Release|Any CPU.Build.0 = Release|Any CPU
	EndGlobalSection
	GlobalSection(SolutionProperties) = preSolution
		HideSolutionNode = FALSE
	EndGlobalSection
	GlobalSection(ExtensibilityGlobals) = postSolution
		SolutionGuid = {2B95C09D-DC87-49BF-93CB-FC4332AF4BD9}
	EndGlobalSection
EndGlobal
